
Microsoft Visual Studio Solution File, Format Version 12.00
# Visual Studio Version 16
VisualStudioVersion = 16.0.28516.95
MinimumVisualStudioVersion = 10.0.40219.1
Project("{9A19103F-16F7-4668-BE54-9A1E7A4F7556}") = "df.core", "Framework\df.core\df.core.csproj", "{7140E89F-7325-45B8-B849-AD3D39D2D778}"
EndProject
Project("{9A19103F-16F7-4668-BE54-9A1E7A4F7556}") = "df.production", "Framework\df.production\df.production.csproj", "{CD3F3E8E-2A14-4861-9EFE-39FB3BA7C6EF}"
EndProject
Project("{9A19103F-16F7-4668-BE54-9A1E7A4F7556}") = "df.data", "Framework\df.data\df.data.csproj", "{994BD8D0-EB8B-4E96-96A0-917FF62983D8}"
EndProject
Project("{9A19103F-16F7-4668-BE54-9A1E7A4F7556}") = "df.data.tests", "Tests\df.data.tests\df.data.tests.csproj", "{42BF7936-C933-4BEB-916B-8E477B9983BE}"
EndProject
Project("{2150E333-8FDC-42A3-9474-1A3956D46DE8}") = "Application", "Application", "{23565848-5B80-492B-A858-FB48E9A3791B}"
EndProject
Project("{2150E333-8FDC-42A3-9474-1A3956D46DE8}") = "Framework", "Framework", "{2459D188-57CC-4D0D-8ED9-CE83958909D9}"
	ProjectSection(SolutionItems) = preProject
		Framework\mssql.targets = Framework\mssql.targets
	EndProjectSection
EndProject
Project("{2150E333-8FDC-42A3-9474-1A3956D46DE8}") = "Tests", "Tests", "{70E2D340-195F-4D8E-B60F-82A7AAB6CA41}"
	ProjectSection(SolutionItems) = preProject
		Tests\CREATETESTDB.sql = Tests\CREATETESTDB.sql
		Tests\TESTDB.mdf = Tests\TESTDB.mdf
		Tests\TESTDB_log.ldf = Tests\TESTDB_log.ldf
	EndProjectSection
EndProject
Project("{9A19103F-16F7-4668-BE54-9A1E7A4F7556}") = "df.extensibility.contracts", "Framework\df.extensibility.contracts\df.extensibility.contracts.csproj", "{285391FF-7462-4559-844D-F7F2603C949B}"
EndProject
Project("{2150E333-8FDC-42A3-9474-1A3956D46DE8}") = "Factories", "Factories", "{137505BB-A467-4104-B5E6-1D1245A7A320}"
	ProjectSection(SolutionItems) = preProject
		Factories\artifacts_write.targets = Factories\artifacts_write.targets
	EndProjectSection
EndProject
Project("{9A19103F-16F7-4668-BE54-9A1E7A4F7556}") = "df.valuefactories", "Factories\df.valuefactories\df.valuefactories.csproj", "{584EFBDC-FE86-4D48-B024-25B2E694A88B}"
EndProject
Project("{9A19103F-16F7-4668-BE54-9A1E7A4F7556}") = "df.extensibility", "Framework\df.extensibility\df.extensibility.csproj", "{94F8D447-3163-419B-B015-EF145AA611EC}"
EndProject
Project("{9A19103F-16F7-4668-BE54-9A1E7A4F7556}") = "df.extensibility.tests", "Tests\df.extensibility.tests\df.extensibility.tests.csproj", "{8A55040A-5F8F-4DD7-A6A0-AFF58635291A}"
	ProjectSection(ProjectDependencies) = postProject
		{95F1798E-076F-4DF5-B58F-DEF742B225EF} = {95F1798E-076F-4DF5-B58F-DEF742B225EF}
		{584EFBDC-FE86-4D48-B024-25B2E694A88B} = {584EFBDC-FE86-4D48-B024-25B2E694A88B}
	EndProjectSection
EndProject
Project("{2150E333-8FDC-42A3-9474-1A3956D46DE8}") = "Solution Items", "Solution Items", "{CEB72D84-CD92-41B7-85F4-65EFDD80DFB5}"
	ProjectSection(SolutionItems) = preProject
		artifacts_read.targets = artifacts_read.targets
		df.ruleset = df.ruleset
		Directory.Build.props = Directory.Build.props
		..\README.md = ..\README.md
		stylecop.json = stylecop.json
		TODO.md = TODO.md
	EndProjectSection
EndProject
Project("{9A19103F-16F7-4668-BE54-9A1E7A4F7556}") = "df.stochastic", "Framework\df.stochastic\df.stochastic.csproj", "{E6732801-F0E7-4090-ADC9-8ADD93CA7347}"
EndProject
Project("{9A19103F-16F7-4668-BE54-9A1E7A4F7556}") = "df.stochastic.tests", "Tests\df.stochastic.tests\df.stochastic.tests.csproj", "{686AB50E-CD42-47E7-813B-9C01DF3C3E74}"
EndProject
Project("{9A19103F-16F7-4668-BE54-9A1E7A4F7556}") = "df.io", "Framework\df.io\df.io.csproj", "{4E7BD0A3-8CFD-4C6D-8C18-05288D24C94A}"
EndProject
Project("{9A19103F-16F7-4668-BE54-9A1E7A4F7556}") = "df.io.tests", "Tests\df.io.tests\df.io.tests.csproj", "{FCE13951-9399-42FB-9ED2-7986336F4E7E}"
	ProjectSection(ProjectDependencies) = postProject
		{95F1798E-076F-4DF5-B58F-DEF742B225EF} = {95F1798E-076F-4DF5-B58F-DEF742B225EF}
		{584EFBDC-FE86-4D48-B024-25B2E694A88B} = {584EFBDC-FE86-4D48-B024-25B2E694A88B}
	EndProjectSection
EndProject
Project("{9A19103F-16F7-4668-BE54-9A1E7A4F7556}") = "df.xunit", "Framework\df.xunit\df.xunit.csproj", "{976BBEEA-3FAE-4539-B70B-2B0167F2F616}"
EndProject
Project("{9A19103F-16F7-4668-BE54-9A1E7A4F7556}") = "df", "df\df.csproj", "{F0CC1D84-592A-47BE-A0C4-16744A4F8EA0}"
	ProjectSection(ProjectDependencies) = postProject
		{584EFBDC-FE86-4D48-B024-25B2E694A88B} = {584EFBDC-FE86-4D48-B024-25B2E694A88B}
	EndProjectSection
EndProject
Project("{9A19103F-16F7-4668-BE54-9A1E7A4F7556}") = "df.tests", "Tests\df.tests\df.tests.csproj", "{8C0DEE70-C16E-4647-9466-FAB2888D33B6}"
	ProjectSection(ProjectDependencies) = postProject
		{95F1798E-076F-4DF5-B58F-DEF742B225EF} = {95F1798E-076F-4DF5-B58F-DEF742B225EF}
		{584EFBDC-FE86-4D48-B024-25B2E694A88B} = {584EFBDC-FE86-4D48-B024-25B2E694A88B}
	EndProjectSection
EndProject
Project("{9A19103F-16F7-4668-BE54-9A1E7A4F7556}") = "df.valuefactories.spatial", "Factories\df.valuefactories.spatial\df.valuefactories.spatial.csproj", "{95F1798E-076F-4DF5-B58F-DEF742B225EF}"
EndProject
Global
	GlobalSection(SolutionConfigurationPlatforms) = preSolution
		Debug|Any CPU = Debug|Any CPU
		Release|Any CPU = Release|Any CPU
	EndGlobalSection
	GlobalSection(ProjectConfigurationPlatforms) = postSolution
		{7140E89F-7325-45B8-B849-AD3D39D2D778}.Debug|Any CPU.ActiveCfg = Debug|Any CPU
		{7140E89F-7325-45B8-B849-AD3D39D2D778}.Debug|Any CPU.Build.0 = Debug|Any CPU
		{7140E89F-7325-45B8-B849-AD3D39D2D778}.Release|Any CPU.ActiveCfg = Release|Any CPU
		{7140E89F-7325-45B8-B849-AD3D39D2D778}.Release|Any CPU.Build.0 = Release|Any CPU
		{CD3F3E8E-2A14-4861-9EFE-39FB3BA7C6EF}.Debug|Any CPU.ActiveCfg = Debug|Any CPU
		{CD3F3E8E-2A14-4861-9EFE-39FB3BA7C6EF}.Debug|Any CPU.Build.0 = Debug|Any CPU
		{CD3F3E8E-2A14-4861-9EFE-39FB3BA7C6EF}.Release|Any CPU.ActiveCfg = Release|Any CPU
		{CD3F3E8E-2A14-4861-9EFE-39FB3BA7C6EF}.Release|Any CPU.Build.0 = Release|Any CPU
		{994BD8D0-EB8B-4E96-96A0-917FF62983D8}.Debug|Any CPU.ActiveCfg = Debug|Any CPU
		{994BD8D0-EB8B-4E96-96A0-917FF62983D8}.Debug|Any CPU.Build.0 = Debug|Any CPU
		{994BD8D0-EB8B-4E96-96A0-917FF62983D8}.Release|Any CPU.ActiveCfg = Release|Any CPU
		{994BD8D0-EB8B-4E96-96A0-917FF62983D8}.Release|Any CPU.Build.0 = Release|Any CPU
		{42BF7936-C933-4BEB-916B-8E477B9983BE}.Debug|Any CPU.ActiveCfg = Debug|Any CPU
		{42BF7936-C933-4BEB-916B-8E477B9983BE}.Debug|Any CPU.Build.0 = Debug|Any CPU
		{42BF7936-C933-4BEB-916B-8E477B9983BE}.Release|Any CPU.ActiveCfg = Release|Any CPU
		{42BF7936-C933-4BEB-916B-8E477B9983BE}.Release|Any CPU.Build.0 = Release|Any CPU
		{285391FF-7462-4559-844D-F7F2603C949B}.Debug|Any CPU.ActiveCfg = Debug|Any CPU
		{285391FF-7462-4559-844D-F7F2603C949B}.Debug|Any CPU.Build.0 = Debug|Any CPU
		{285391FF-7462-4559-844D-F7F2603C949B}.Release|Any CPU.ActiveCfg = Release|Any CPU
		{285391FF-7462-4559-844D-F7F2603C949B}.Release|Any CPU.Build.0 = Release|Any CPU
		{584EFBDC-FE86-4D48-B024-25B2E694A88B}.Debug|Any CPU.ActiveCfg = Debug|Any CPU
		{584EFBDC-FE86-4D48-B024-25B2E694A88B}.Debug|Any CPU.Build.0 = Debug|Any CPU
		{584EFBDC-FE86-4D48-B024-25B2E694A88B}.Release|Any CPU.ActiveCfg = Release|Any CPU
		{584EFBDC-FE86-4D48-B024-25B2E694A88B}.Release|Any CPU.Build.0 = Release|Any CPU
		{94F8D447-3163-419B-B015-EF145AA611EC}.Debug|Any CPU.ActiveCfg = Debug|Any CPU
		{94F8D447-3163-419B-B015-EF145AA611EC}.Debug|Any CPU.Build.0 = Debug|Any CPU
		{94F8D447-3163-419B-B015-EF145AA611EC}.Release|Any CPU.ActiveCfg = Release|Any CPU
		{94F8D447-3163-419B-B015-EF145AA611EC}.Release|Any CPU.Build.0 = Release|Any CPU
		{8A55040A-5F8F-4DD7-A6A0-AFF58635291A}.Debug|Any CPU.ActiveCfg = Debug|Any CPU
		{8A55040A-5F8F-4DD7-A6A0-AFF58635291A}.Debug|Any CPU.Build.0 = Debug|Any CPU
		{8A55040A-5F8F-4DD7-A6A0-AFF58635291A}.Release|Any CPU.ActiveCfg = Release|Any CPU
		{8A55040A-5F8F-4DD7-A6A0-AFF58635291A}.Release|Any CPU.Build.0 = Release|Any CPU
		{E6732801-F0E7-4090-ADC9-8ADD93CA7347}.Debug|Any CPU.ActiveCfg = Debug|Any CPU
		{E6732801-F0E7-4090-ADC9-8ADD93CA7347}.Debug|Any CPU.Build.0 = Debug|Any CPU
		{E6732801-F0E7-4090-ADC9-8ADD93CA7347}.Release|Any CPU.ActiveCfg = Release|Any CPU
		{E6732801-F0E7-4090-ADC9-8ADD93CA7347}.Release|Any CPU.Build.0 = Release|Any CPU
		{686AB50E-CD42-47E7-813B-9C01DF3C3E74}.Debug|Any CPU.ActiveCfg = Debug|Any CPU
		{686AB50E-CD42-47E7-813B-9C01DF3C3E74}.Debug|Any CPU.Build.0 = Debug|Any CPU
		{686AB50E-CD42-47E7-813B-9C01DF3C3E74}.Release|Any CPU.ActiveCfg = Release|Any CPU
		{686AB50E-CD42-47E7-813B-9C01DF3C3E74}.Release|Any CPU.Build.0 = Release|Any CPU
		{4E7BD0A3-8CFD-4C6D-8C18-05288D24C94A}.Debug|Any CPU.ActiveCfg = Debug|Any CPU
		{4E7BD0A3-8CFD-4C6D-8C18-05288D24C94A}.Debug|Any CPU.Build.0 = Debug|Any CPU
		{4E7BD0A3-8CFD-4C6D-8C18-05288D24C94A}.Release|Any CPU.ActiveCfg = Release|Any CPU
		{4E7BD0A3-8CFD-4C6D-8C18-05288D24C94A}.Release|Any CPU.Build.0 = Release|Any CPU
		{FCE13951-9399-42FB-9ED2-7986336F4E7E}.Debug|Any CPU.ActiveCfg = Debug|Any CPU
		{FCE13951-9399-42FB-9ED2-7986336F4E7E}.Debug|Any CPU.Build.0 = Debug|Any CPU
		{FCE13951-9399-42FB-9ED2-7986336F4E7E}.Release|Any CPU.ActiveCfg = Release|Any CPU
		{FCE13951-9399-42FB-9ED2-7986336F4E7E}.Release|Any CPU.Build.0 = Release|Any CPU
		{976BBEEA-3FAE-4539-B70B-2B0167F2F616}.Debug|Any CPU.ActiveCfg = Debug|Any CPU
		{976BBEEA-3FAE-4539-B70B-2B0167F2F616}.Debug|Any CPU.Build.0 = Debug|Any CPU
		{976BBEEA-3FAE-4539-B70B-2B0167F2F616}.Release|Any CPU.ActiveCfg = Release|Any CPU
		{976BBEEA-3FAE-4539-B70B-2B0167F2F616}.Release|Any CPU.Build.0 = Release|Any CPU
		{F0CC1D84-592A-47BE-A0C4-16744A4F8EA0}.Debug|Any CPU.ActiveCfg = Debug|Any CPU
		{F0CC1D84-592A-47BE-A0C4-16744A4F8EA0}.Debug|Any CPU.Build.0 = Debug|Any CPU
		{F0CC1D84-592A-47BE-A0C4-16744A4F8EA0}.Release|Any CPU.ActiveCfg = Release|Any CPU
		{F0CC1D84-592A-47BE-A0C4-16744A4F8EA0}.Release|Any CPU.Build.0 = Release|Any CPU
		{8C0DEE70-C16E-4647-9466-FAB2888D33B6}.Debug|Any CPU.ActiveCfg = Debug|Any CPU
		{8C0DEE70-C16E-4647-9466-FAB2888D33B6}.Debug|Any CPU.Build.0 = Debug|Any CPU
		{8C0DEE70-C16E-4647-9466-FAB2888D33B6}.Release|Any CPU.ActiveCfg = Release|Any CPU
		{8C0DEE70-C16E-4647-9466-FAB2888D33B6}.Release|Any CPU.Build.0 = Release|Any CPU
		{95F1798E-076F-4DF5-B58F-DEF742B225EF}.Debug|Any CPU.ActiveCfg = Debug|Any CPU
		{95F1798E-076F-4DF5-B58F-DEF742B225EF}.Debug|Any CPU.Build.0 = Debug|Any CPU
		{95F1798E-076F-4DF5-B58F-DEF742B225EF}.Release|Any CPU.ActiveCfg = Release|Any CPU
		{95F1798E-076F-4DF5-B58F-DEF742B225EF}.Release|Any CPU.Build.0 = Release|Any CPU
	EndGlobalSection
	GlobalSection(SolutionProperties) = preSolution
		HideSolutionNode = FALSE
	EndGlobalSection
	GlobalSection(NestedProjects) = preSolution
		{7140E89F-7325-45B8-B849-AD3D39D2D778} = {2459D188-57CC-4D0D-8ED9-CE83958909D9}
		{CD3F3E8E-2A14-4861-9EFE-39FB3BA7C6EF} = {2459D188-57CC-4D0D-8ED9-CE83958909D9}
		{994BD8D0-EB8B-4E96-96A0-917FF62983D8} = {2459D188-57CC-4D0D-8ED9-CE83958909D9}
		{42BF7936-C933-4BEB-916B-8E477B9983BE} = {70E2D340-195F-4D8E-B60F-82A7AAB6CA41}
		{285391FF-7462-4559-844D-F7F2603C949B} = {2459D188-57CC-4D0D-8ED9-CE83958909D9}
		{584EFBDC-FE86-4D48-B024-25B2E694A88B} = {137505BB-A467-4104-B5E6-1D1245A7A320}
		{94F8D447-3163-419B-B015-EF145AA611EC} = {2459D188-57CC-4D0D-8ED9-CE83958909D9}
		{8A55040A-5F8F-4DD7-A6A0-AFF58635291A} = {70E2D340-195F-4D8E-B60F-82A7AAB6CA41}
		{E6732801-F0E7-4090-ADC9-8ADD93CA7347} = {2459D188-57CC-4D0D-8ED9-CE83958909D9}
		{686AB50E-CD42-47E7-813B-9C01DF3C3E74} = {70E2D340-195F-4D8E-B60F-82A7AAB6CA41}
		{4E7BD0A3-8CFD-4C6D-8C18-05288D24C94A} = {2459D188-57CC-4D0D-8ED9-CE83958909D9}
		{FCE13951-9399-42FB-9ED2-7986336F4E7E} = {70E2D340-195F-4D8E-B60F-82A7AAB6CA41}
		{976BBEEA-3FAE-4539-B70B-2B0167F2F616} = {2459D188-57CC-4D0D-8ED9-CE83958909D9}
		{F0CC1D84-592A-47BE-A0C4-16744A4F8EA0} = {23565848-5B80-492B-A858-FB48E9A3791B}
		{8C0DEE70-C16E-4647-9466-FAB2888D33B6} = {70E2D340-195F-4D8E-B60F-82A7AAB6CA41}
		{95F1798E-076F-4DF5-B58F-DEF742B225EF} = {137505BB-A467-4104-B5E6-1D1245A7A320}
	EndGlobalSection
	GlobalSection(ExtensibilityGlobals) = postSolution
		SolutionGuid = {ECBF448B-8F95-4CEA-AC0F-A22CE201AC9B}
	EndGlobalSection
EndGlobal
