
Microsoft Visual Studio Solution File, Format Version 12.00
# Visual Studio 15
VisualStudioVersion = 15.0.28307.329
MinimumVisualStudioVersion = 15.0.26124.0
Project("{9A19103F-16F7-4668-BE54-9A1E7A4F7556}") = "m1-gv", "m1-gv\m1-gv.csproj", "{CCF5D733-823B-4A82-B280-362963BD0C4A}"
EndProject
Project("{9A19103F-16F7-4668-BE54-9A1E7A4F7556}") = "M1.Core", "M1.Core\M1.Core.csproj", "{C7702FCB-04CF-407E-A1E3-B8B8A13ED6A5}"
EndProject
Project("{9A19103F-16F7-4668-BE54-9A1E7A4F7556}") = "M1.Data", "M1.Data\M1.Data.csproj", "{E5D6728B-7898-43B4-BC88-5FDBB12731DA}"
EndProject
Project("{2150E333-8FDC-42A3-9474-1A3956D46DE8}") = "Solution Items", "Solution Items", "{24F77261-24B9-47A8-B8F7-529392B63547}"
	ProjectSection(SolutionItems) = preProject
		..\LICENSE = ..\LICENSE
		..\README.md = ..\README.md
	EndProjectSection
EndProject
Global
	GlobalSection(SolutionConfigurationPlatforms) = preSolution
		Debug|Any CPU = Debug|Any CPU
		Debug|x64 = Debug|x64
		Debug|x86 = Debug|x86
		Release|Any CPU = Release|Any CPU
		Release|x64 = Release|x64
		Release|x86 = Release|x86
	EndGlobalSection
	GlobalSection(ProjectConfigurationPlatforms) = postSolution
		{CCF5D733-823B-4A82-B280-362963BD0C4A}.Debug|Any CPU.ActiveCfg = Debug|Any CPU
		{CCF5D733-823B-4A82-B280-362963BD0C4A}.Debug|Any CPU.Build.0 = Debug|Any CPU
		{CCF5D733-823B-4A82-B280-362963BD0C4A}.Debug|x64.ActiveCfg = Debug|Any CPU
		{CCF5D733-823B-4A82-B280-362963BD0C4A}.Debug|x64.Build.0 = Debug|Any CPU
		{CCF5D733-823B-4A82-B280-362963BD0C4A}.Debug|x86.ActiveCfg = Debug|Any CPU
		{CCF5D733-823B-4A82-B280-362963BD0C4A}.Debug|x86.Build.0 = Debug|Any CPU
		{CCF5D733-823B-4A82-B280-362963BD0C4A}.Release|Any CPU.ActiveCfg = Release|Any CPU
		{CCF5D733-823B-4A82-B280-362963BD0C4A}.Release|Any CPU.Build.0 = Release|Any CPU
		{CCF5D733-823B-4A82-B280-362963BD0C4A}.Release|x64.ActiveCfg = Release|Any CPU
		{CCF5D733-823B-4A82-B280-362963BD0C4A}.Release|x64.Build.0 = Release|Any CPU
		{CCF5D733-823B-4A82-B280-362963BD0C4A}.Release|x86.ActiveCfg = Release|Any CPU
		{CCF5D733-823B-4A82-B280-362963BD0C4A}.Release|x86.Build.0 = Release|Any CPU
		{C7702FCB-04CF-407E-A1E3-B8B8A13ED6A5}.Debug|Any CPU.ActiveCfg = Debug|Any CPU
		{C7702FCB-04CF-407E-A1E3-B8B8A13ED6A5}.Debug|Any CPU.Build.0 = Debug|Any CPU
		{C7702FCB-04CF-407E-A1E3-B8B8A13ED6A5}.Debug|x64.ActiveCfg = Debug|Any CPU
		{C7702FCB-04CF-407E-A1E3-B8B8A13ED6A5}.Debug|x64.Build.0 = Debug|Any CPU
		{C7702FCB-04CF-407E-A1E3-B8B8A13ED6A5}.Debug|x86.ActiveCfg = Debug|Any CPU
		{C7702FCB-04CF-407E-A1E3-B8B8A13ED6A5}.Debug|x86.Build.0 = Debug|Any CPU
		{C7702FCB-04CF-407E-A1E3-B8B8A13ED6A5}.Release|Any CPU.ActiveCfg = Release|Any CPU
		{C7702FCB-04CF-407E-A1E3-B8B8A13ED6A5}.Release|Any CPU.Build.0 = Release|Any CPU
		{C7702FCB-04CF-407E-A1E3-B8B8A13ED6A5}.Release|x64.ActiveCfg = Release|Any CPU
		{C7702FCB-04CF-407E-A1E3-B8B8A13ED6A5}.Release|x64.Build.0 = Release|Any CPU
		{C7702FCB-04CF-407E-A1E3-B8B8A13ED6A5}.Release|x86.ActiveCfg = Release|Any CPU
		{C7702FCB-04CF-407E-A1E3-B8B8A13ED6A5}.Release|x86.Build.0 = Release|Any CPU
		{E5D6728B-7898-43B4-BC88-5FDBB12731DA}.Debug|Any CPU.ActiveCfg = Debug|Any CPU
		{E5D6728B-7898-43B4-BC88-5FDBB12731DA}.Debug|Any CPU.Build.0 = Debug|Any CPU
		{E5D6728B-7898-43B4-BC88-5FDBB12731DA}.Debug|x64.ActiveCfg = Debug|Any CPU
		{E5D6728B-7898-43B4-BC88-5FDBB12731DA}.Debug|x64.Build.0 = Debug|Any CPU
		{E5D6728B-7898-43B4-BC88-5FDBB12731DA}.Debug|x86.ActiveCfg = Debug|Any CPU
		{E5D6728B-7898-43B4-BC88-5FDBB12731DA}.Debug|x86.Build.0 = Debug|Any CPU
		{E5D6728B-7898-43B4-BC88-5FDBB12731DA}.Release|Any CPU.ActiveCfg = Release|Any CPU
		{E5D6728B-7898-43B4-BC88-5FDBB12731DA}.Release|Any CPU.Build.0 = Release|Any CPU
		{E5D6728B-7898-43B4-BC88-5FDBB12731DA}.Release|x64.ActiveCfg = Release|Any CPU
		{E5D6728B-7898-43B4-BC88-5FDBB12731DA}.Release|x64.Build.0 = Release|Any CPU
		{E5D6728B-7898-43B4-BC88-5FDBB12731DA}.Release|x86.ActiveCfg = Release|Any CPU
		{E5D6728B-7898-43B4-BC88-5FDBB12731DA}.Release|x86.Build.0 = Release|Any CPU
	EndGlobalSection
	GlobalSection(SolutionProperties) = preSolution
		HideSolutionNode = FALSE
	EndGlobalSection
	GlobalSection(ExtensibilityGlobals) = postSolution
		SolutionGuid = {96D82B53-5F19-4489-B11D-51BC03BD106C}
	EndGlobalSection
EndGlobal
